// !$*UTF8*$!
{
	archiveVersion = 1;
	classes = {
	};
	objectVersion = 46;
	objects = {

/* Begin PBXBuildFile section */
		F21491CA1B16320D00567834 /* main.m in Sources */ = {isa = PBXBuildFile; fileRef = F21491C91B16320D00567834 /* main.m */; };
		F21491CD1B16320D00567834 /* AppDelegate.m in Sources */ = {isa = PBXBuildFile; fileRef = F21491CC1B16320D00567834 /* AppDelegate.m */; };
		F21491D01B16320D00567834 /* ViewController.m in Sources */ = {isa = PBXBuildFile; fileRef = F21491CF1B16320D00567834 /* ViewController.m */; };
		F21491D31B16320D00567834 /* Main.storyboard in Resources */ = {isa = PBXBuildFile; fileRef = F21491D11B16320D00567834 /* Main.storyboard */; };
		F21491D51B16320D00567834 /* Images.xcassets in Resources */ = {isa = PBXBuildFile; fileRef = F21491D41B16320D00567834 /* Images.xcassets */; };
		F21491D81B16320D00567834 /* LaunchScreen.xib in Resources */ = {isa = PBXBuildFile; fileRef = F21491D61B16320D00567834 /* LaunchScreen.xib */; };
		F21491E41B16320D00567834 /* MobileMapperTests.m in Sources */ = {isa = PBXBuildFile; fileRef = F21491E31B16320D00567834 /* MobileMapperTests.m */; };
/* End PBXBuildFile section */

/* Begin PBXContainerItemProxy section */
		F21491DE1B16320D00567834 /* PBXContainerItemProxy */ = {
			isa = PBXContainerItemProxy;
			containerPortal = F21491BC1B16320D00567834 /* Project object */;
			proxyType = 1;
			remoteGlobalIDString = F21491C31B16320D00567834;
			remoteInfo = MobileMapper;
		};
/* End PBXContainerItemProxy section */

/* Begin PBXFileReference section */
		F21491C41B16320D00567834 /* MobileMapper.app */ = {isa = PBXFileReference; explicitFileType = wrapper.application; includeInIndex = 0; path = MobileMapper.app; sourceTree = BUILT_PRODUCTS_DIR; };
		F21491C81B16320D00567834 /* Info.plist */ = {isa = PBXFileReference; lastKnownFileType = text.plist.xml; path = Info.plist; sourceTree = "<group>"; };
		F21491C91B16320D00567834 /* main.m */ = {isa = PBXFileReference; lastKnownFileType = sourcecode.c.objc; path = main.m; sourceTree = "<group>"; };
		F21491CB1B16320D00567834 /* AppDelegate.h */ = {isa = PBXFileReference; lastKnownFileType = sourcecode.c.h; path = AppDelegate.h; sourceTree = "<group>"; };
		F21491CC1B16320D00567834 /* AppDelegate.m */ = {isa = PBXFileReference; lastKnownFileType = sourcecode.c.objc; path = AppDelegate.m; sourceTree = "<group>"; };
		F21491CE1B16320D00567834 /* ViewController.h */ = {isa = PBXFileReference; lastKnownFileType = sourcecode.c.h; path = ViewController.h; sourceTree = "<group>"; };
		F21491CF1B16320D00567834 /* ViewController.m */ = {isa = PBXFileReference; lastKnownFileType = sourcecode.c.objc; path = ViewController.m; sourceTree = "<group>"; };
		F21491D21B16320D00567834 /* Base */ = {isa = PBXFileReference; lastKnownFileType = file.storyboard; name = Base; path = Base.lproj/Main.storyboard; sourceTree = "<group>"; };
		F21491D41B16320D00567834 /* Images.xcassets */ = {isa = PBXFileReference; lastKnownFileType = folder.assetcatalog; path = Images.xcassets; sourceTree = "<group>"; };
		F21491D71B16320D00567834 /* Base */ = {isa = PBXFileReference; lastKnownFileType = file.xib; name = Base; path = Base.lproj/LaunchScreen.xib; sourceTree = "<group>"; };
		F21491DD1B16320D00567834 /* MobileMapperTests.xctest */ = {isa = PBXFileReference; explicitFileType = wrapper.cfbundle; includeInIndex = 0; path = MobileMapperTests.xctest; sourceTree = BUILT_PRODUCTS_DIR; };
		F21491E21B16320D00567834 /* Info.plist */ = {isa = PBXFileReference; lastKnownFileType = text.plist.xml; path = Info.plist; sourceTree = "<group>"; };
		F21491E31B16320D00567834 /* MobileMapperTests.m */ = {isa = PBXFileReference; lastKnownFileType = sourcecode.c.objc; path = MobileMapperTests.m; sourceTree = "<group>"; };
/* End PBXFileReference section */

/* Begin PBXFrameworksBuildPhase section */
		F21491C11B16320D00567834 /* Frameworks */ = {
			isa = PBXFrameworksBuildPhase;
			buildActionMask = 2147483647;
			files = (
			);
			runOnlyForDeploymentPostprocessing = 0;
		};
		F21491DA1B16320D00567834 /* Frameworks */ = {
			isa = PBXFrameworksBuildPhase;
			buildActionMask = 2147483647;
			files = (
			);
			runOnlyForDeploymentPostprocessing = 0;
		};
/* End PBXFrameworksBuildPhase section */

/* Begin PBXGroup section */
		F21491BB1B16320D00567834 = {
			isa = PBXGroup;
			children = (
				F21491C61B16320D00567834 /* MobileMapper */,
				F21491E01B16320D00567834 /* MobileMapperTests */,
				F21491C51B16320D00567834 /* Products */,
			);
			sourceTree = "<group>";
		};
		F21491C51B16320D00567834 /* Products */ = {
			isa = PBXGroup;
			children = (
				F21491C41B16320D00567834 /* MobileMapper.app */,
				F21491DD1B16320D00567834 /* MobileMapperTests.xctest */,
			);
			name = Products;
			sourceTree = "<group>";
		};
		F21491C61B16320D00567834 /* MobileMapper */ = {
			isa = PBXGroup;
			children = (
				F21491CB1B16320D00567834 /* AppDelegate.h */,
				F21491CC1B16320D00567834 /* AppDelegate.m */,
				F21491CE1B16320D00567834 /* ViewController.h */,
				F21491CF1B16320D00567834 /* ViewController.m */,
				F21491D11B16320D00567834 /* Main.storyboard */,
				F21491D41B16320D00567834 /* Images.xcassets */,
				F21491D61B16320D00567834 /* LaunchScreen.xib */,
				F21491C71B16320D00567834 /* Supporting Files */,
			);
			path = MobileMapper;
			sourceTree = "<group>";
		};
		F21491C71B16320D00567834 /* Supporting Files */ = {
			isa = PBXGroup;
			children = (
				F21491C81B16320D00567834 /* Info.plist */,
				F21491C91B16320D00567834 /* main.m */,
			);
			name = "Supporting Files";
			sourceTree = "<group>";
		};
		F21491E01B16320D00567834 /* MobileMapperTests */ = {
			isa = PBXGroup;
			children = (
				F21491E31B16320D00567834 /* MobileMapperTests.m */,
				F21491E11B16320D00567834 /* Supporting Files */,
			);
			path = MobileMapperTests;
			sourceTree = "<group>";
		};
		F21491E11B16320D00567834 /* Supporting Files */ = {
			isa = PBXGroup;
			children = (
				F21491E21B16320D00567834 /* Info.plist */,
			);
			name = "Supporting Files";
			sourceTree = "<group>";
		};
/* End PBXGroup section */

/* Begin PBXNativeTarget section */
		F21491C31B16320D00567834 /* MobileMapper */ = {
			isa = PBXNativeTarget;
			buildConfigurationList = F21491E71B16320D00567834 /* Build configuration list for PBXNativeTarget "MobileMapper" */;
			buildPhases = (
				F21491C01B16320D00567834 /* Sources */,
				F21491C11B16320D00567834 /* Frameworks */,
				F21491C21B16320D00567834 /* Resources */,
			);
			buildRules = (
			);
			dependencies = (
			);
			name = MobileMapper;
			productName = MobileMapper;
			productReference = F21491C41B16320D00567834 /* MobileMapper.app */;
			productType = "com.apple.product-type.application";
		};
		F21491DC1B16320D00567834 /* MobileMapperTests */ = {
			isa = PBXNativeTarget;
			buildConfigurationList = F21491EA1B16320D00567834 /* Build configuration list for PBXNativeTarget "MobileMapperTests" */;
			buildPhases = (
				F21491D91B16320D00567834 /* Sources */,
				F21491DA1B16320D00567834 /* Frameworks */,
				F21491DB1B16320D00567834 /* Resources */,
			);
			buildRules = (
			);
			dependencies = (
				F21491DF1B16320D00567834 /* PBXTargetDependency */,
			);
			name = MobileMapperTests;
			productName = MobileMapperTests;
			productReference = F21491DD1B16320D00567834 /* MobileMapperTests.xctest */;
			productType = "com.apple.product-type.bundle.unit-test";
		};
/* End PBXNativeTarget section */

/* Begin PBXProject section */
		F21491BC1B16320D00567834 /* Project object */ = {
			isa = PBXProject;
			attributes = {
				LastUpgradeCheck = 0630;
				ORGANIZATIONNAME = "Chee Vue";
				TargetAttributes = {
					F21491C31B16320D00567834 = {
						CreatedOnToolsVersion = 6.3.1;
					};
					F21491DC1B16320D00567834 = {
						CreatedOnToolsVersion = 6.3.1;
						TestTargetID = F21491C31B16320D00567834;
					};
				};
			};
			buildConfigurationList = F21491BF1B16320D00567834 /* Build configuration list for PBXProject "MobileMapper" */;
			compatibilityVersion = "Xcode 3.2";
			developmentRegion = English;
			hasScannedForEncodings = 0;
			knownRegions = (
				en,
				Base,
			);
			mainGroup = F21491BB1B16320D00567834;
			productRefGroup = F21491C51B16320D00567834 /* Products */;
			projectDirPath = "";
			projectRoot = "";
			targets = (
				F21491C31B16320D00567834 /* MobileMapper */,
				F21491DC1B16320D00567834 /* MobileMapperTests */,
			);
		};
/* End PBXProject section */

/* Begin PBXResourcesBuildPhase section */
		F21491C21B16320D00567834 /* Resources */ = {
			isa = PBXResourcesBuildPhase;
			buildActionMask = 2147483647;
			files = (
				F21491D31B16320D00567834 /* Main.storyboard in Resources */,
				F21491D81B16320D00567834 /* LaunchScreen.xib in Resources */,
				F21491D51B16320D00567834 /* Images.xcassets in Resources */,
			);
			runOnlyForDeploymentPostprocessing = 0;
		};
		F21491DB1B16320D00567834 /* Resources */ = {
			isa = PBXResourcesBuildPhase;
			buildActionMask = 2147483647;
			files = (
			);
			runOnlyForDeploymentPostprocessing = 0;
		};
/* End PBXResourcesBuildPhase section */

/* Begin PBXSourcesBuildPhase section */
		F21491C01B16320D00567834 /* Sources */ = {
			isa = PBXSourcesBuildPhase;
			buildActionMask = 2147483647;
			files = (
				F21491D01B16320D00567834 /* ViewController.m in Sources */,
				F21491CD1B16320D00567834 /* AppDelegate.m in Sources */,
				F21491CA1B16320D00567834 /* main.m in Sources */,
			);
			runOnlyForDeploymentPostprocessing = 0;
		};
		F21491D91B16320D00567834 /* Sources */ = {
			isa = PBXSourcesBuildPhase;
			buildActionMask = 2147483647;
			files = (
				F21491E41B16320D00567834 /* MobileMapperTests.m in Sources */,
			);
			runOnlyForDeploymentPostprocessing = 0;
		};
/* End PBXSourcesBuildPhase section */

/* Begin PBXTargetDependency section */
		F21491DF1B16320D00567834 /* PBXTargetDependency */ = {
			isa = PBXTargetDependency;
			target = F21491C31B16320D00567834 /* MobileMapper */;
			targetProxy = F21491DE1B16320D00567834 /* PBXContainerItemProxy */;
		};
/* End PBXTargetDependency section */

/* Begin PBXVariantGroup section */
		F21491D11B16320D00567834 /* Main.storyboard */ = {
			isa = PBXVariantGroup;
			children = (
				F21491D21B16320D00567834 /* Base */,
			);
			name = Main.storyboard;
			sourceTree = "<group>";
		};
		F21491D61B16320D00567834 /* LaunchScreen.xib */ = {
			isa = PBXVariantGroup;
			children = (
				F21491D71B16320D00567834 /* Base */,
			);
			name = LaunchScreen.xib;
			sourceTree = "<group>";
		};
/* End PBXVariantGroup section */

/* Begin XCBuildConfiguration section */
		F21491E51B16320D00567834 /* Debug */ = {
			isa = XCBuildConfiguration;
			buildSettings = {
				ALWAYS_SEARCH_USER_PATHS = NO;
				CLANG_CXX_LANGUAGE_STANDARD = "gnu++0x";
				CLANG_CXX_LIBRARY = "libc++";
				CLANG_ENABLE_MODULES = YES;
				CLANG_ENABLE_OBJC_ARC = YES;
				CLANG_WARN_BOOL_CONVERSION = YES;
				CLANG_WARN_CONSTANT_CONVERSION = YES;
				CLANG_WARN_DIRECT_OBJC_ISA_USAGE = YES_ERROR;
				CLANG_WARN_EMPTY_BODY = YES;
				CLANG_WARN_ENUM_CONVERSION = YES;
				CLANG_WARN_INT_CONVERSION = YES;
				CLANG_WARN_OBJC_ROOT_CLASS = YES_ERROR;
				CLANG_WARN_UNREACHABLE_CODE = YES;
				CLANG_WARN__DUPLICATE_METHOD_MATCH = YES;
				"CODE_SIGN_IDENTITY[sdk=iphoneos*]" = "iPhone Developer";
				COPY_PHASE_STRIP = NO;
				DEBUG_INFORMATION_FORMAT = "dwarf-with-dsym";
				ENABLE_STRICT_OBJC_MSGSEND = YES;
				GCC_C_LANGUAGE_STANDARD = gnu99;
				GCC_DYNAMIC_NO_PIC = NO;
				GCC_NO_COMMON_BLOCKS = YES;
				GCC_OPTIMIZATION_LEVEL = 0;
				GCC_PREPROCESSOR_DEFINITIONS = (
					"DEBUG=1",
					"$(inherited)",
				);
				GCC_SYMBOLS_PRIVATE_EXTERN = NO;
				GCC_WARN_64_TO_32_BIT_CONVERSION = YES;
				GCC_WARN_ABOUT_RETURN_TYPE = YES_ERROR;
				GCC_WARN_UNDECLARED_SELECTOR = YES;
				GCC_WARN_UNINITIALIZED_AUTOS = YES_AGGRESSIVE;
				GCC_WARN_UNUSED_FUNCTION = YES;
				GCC_WARN_UNUSED_VARIABLE = YES;
				IPHONEOS_DEPLOYMENT_TARGET = 8.3;
				MTL_ENABLE_DEBUG_INFO = YES;
				ONLY_ACTIVE_ARCH = YES;
				SDKROOT = iphoneos;
			};
			name = Debug;
		};
		F21491E61B16320D00567834 /* Release */ = {
			isa = XCBuildConfiguration;
			buildSettings = {
				ALWAYS_SEARCH_USER_PATHS = NO;
				CLANG_CXX_LANGUAGE_STANDARD = "gnu++0x";
				CLANG_CXX_LIBRARY = "libc++";
				CLANG_ENABLE_MODULES = YES;
				CLANG_ENABLE_OBJC_ARC = YES;
				CLANG_WARN_BOOL_CONVERSION = YES;
				CLANG_WARN_CONSTANT_CONVERSION = YES;
				CLANG_WARN_DIRECT_OBJC_ISA_USAGE = YES_ERROR;
				CLANG_WARN_EMPTY_BODY = YES;
				CLANG_WARN_ENUM_CONVERSION = YES;
				CLANG_WARN_INT_CONVERSION = YES;
				CLANG_WARN_OBJC_ROOT_CLASS = YES_ERROR;
				CLANG_WARN_UNREACHABLE_CODE = YES;
				CLANG_WARN__DUPLICATE_METHOD_MATCH = YES;
				"CODE_SIGN_IDENTITY[sdk=iphoneos*]" = "iPhone Developer";
				COPY_PHASE_STRIP = NO;
				DEBUG_INFORMATION_FORMAT = "dwarf-with-dsym";
				ENABLE_NS_ASSERTIONS = NO;
				ENABLE_STRICT_OBJC_MSGSEND = YES;
				GCC_C_LANGUAGE_STANDARD = gnu99;
				GCC_NO_COMMON_BLOCKS = YES;
				GCC_WARN_64_TO_32_BIT_CONVERSION = YES;
				GCC_WARN_ABOUT_RETURN_TYPE = YES_ERROR;
				GCC_WARN_UNDECLARED_SELECTOR = YES;
				GCC_WARN_UNINITIALIZED_AUTOS = YES_AGGRESSIVE;
				GCC_WARN_UNUSED_FUNCTION = YES;
				GCC_WARN_UNUSED_VARIABLE = YES;
				IPHONEOS_DEPLOYMENT_TARGET = 8.3;
				MTL_ENABLE_DEBUG_INFO = NO;
				SDKROOT = iphoneos;
				VALIDATE_PRODUCT = YES;
			};
			name = Release;
		};
		F21491E81B16320D00567834 /* Debug */ = {
			isa = XCBuildConfiguration;
			buildSettings = {
				ASSETCATALOG_COMPILER_APPICON_NAME = AppIcon;
				INFOPLIST_FILE = MobileMapper/Info.plist;
				LD_RUNPATH_SEARCH_PATHS = "$(inherited) @executable_path/Frameworks";
				PRODUCT_NAME = "$(TARGET_NAME)";
			};
			name = Debug;
		};
		F21491E91B16320D00567834 /* Release */ = {
			isa = XCBuildConfiguration;
			buildSettings = {
				ASSETCATALOG_COMPILER_APPICON_NAME = AppIcon;
				INFOPLIST_FILE = MobileMapper/Info.plist;
				LD_RUNPATH_SEARCH_PATHS = "$(inherited) @executable_path/Frameworks";
				PRODUCT_NAME = "$(TARGET_NAME)";
			};
			name = Release;
		};
		F21491EB1B16320D00567834 /* Debug */ = {
			isa = XCBuildConfiguration;
			buildSettings = {
				BUNDLE_LOADER = "$(TEST_HOST)";
				FRAMEWORK_SEARCH_PATHS = (
					"$(SDKROOT)/Developer/Library/Frameworks",
					"$(inherited)",
				);
				GCC_PREPROCESSOR_DEFINITIONS = (
					"DEBUG=1",
					"$(inherited)",
				);
				INFOPLIST_FILE = MobileMapperTests/Info.plist;
				LD_RUNPATH_SEARCH_PATHS = "$(inherited) @executable_path/Frameworks @loader_path/Frameworks";
				PRODUCT_NAME = "$(TARGET_NAME)";
				TEST_HOST = "$(BUILT_PRODUCTS_DIR)/MobileMapper.app/MobileMapper";
			};
			name = Debug;
		};
		F21491EC1B16320D00567834 /* Release */ = {
			isa = XCBuildConfiguration;
			buildSettings = {
				BUNDLE_LOADER = "$(TEST_HOST)";
				FRAMEWORK_SEARCH_PATHS = (
					"$(SDKROOT)/Developer/Library/Frameworks",
					"$(inherited)",
				);
				INFOPLIST_FILE = MobileMapperTests/Info.plist;
				LD_RUNPATH_SEARCH_PATHS = "$(inherited) @executable_path/Frameworks @loader_path/Frameworks";
				PRODUCT_NAME = "$(TARGET_NAME)";
				TEST_HOST = "$(BUILT_PRODUCTS_DIR)/MobileMapper.app/MobileMapper";
			};
			name = Release;
		};
/* End XCBuildConfiguration section */

/* Begin XCConfigurationList section */
		F21491BF1B16320D00567834 /* Build configuration list for PBXProject "MobileMapper" */ = {
			isa = XCConfigurationList;
			buildConfigurations = (
				F21491E51B16320D00567834 /* Debug */,
				F21491E61B16320D00567834 /* Release */,
			);
			defaultConfigurationIsVisible = 0;
			defaultConfigurationName = Release;
		};
		F21491E71B16320D00567834 /* Build configuration list for PBXNativeTarget "MobileMapper" */ = {
			isa = XCConfigurationList;
			buildConfigurations = (
				F21491E81B16320D00567834 /* Debug */,
				F21491E91B16320D00567834 /* Release */,
			);
			defaultConfigurationIsVisible = 0;
		};
		F21491EA1B16320D00567834 /* Build configuration list for PBXNativeTarget "MobileMapperTests" */ = {
			isa = XCConfigurationList;
			buildConfigurations = (
				F21491EB1B16320D00567834 /* Debug */,
				F21491EC1B16320D00567834 /* Release */,
			);
			defaultConfigurationIsVisible = 0;
		};
/* End XCConfigurationList section */
	};
	rootObject = F21491BC1B16320D00567834 /* Project object */;
}
